lockfileVersion: '6.0'

settings:
  autoInstallPeers: true
  excludeLinksFromLockfile: false

dependencies:
  '@prisma/client':
    specifier: 4.16.2
    version: 4.16.2(prisma@4.16.2)
  '@trpc/server':
    specifier: ^10.34.0
    version: 10.34.0
  zod:
    specifier: ^3.0.0
    version: 3.0.0

devDependencies:
  '@types/node':
    specifier: ^18.16.16
    version: 18.16.16
  prisma:
    specifier: 4.16.2
    version: 4.16.2

packages:

  /@prisma/client@4.16.2(prisma@4.16.2):
    resolution: {integrity: sha512-qCoEyxv1ZrQ4bKy39GnylE8Zq31IRmm8bNhNbZx7bF2cU5aiCCnSa93J2imF88MBjn7J9eUQneNxUQVJdl/rPQ==}
    engines: {node: '>=14.17'}
    requiresBuild: true
    peerDependencies:
      prisma: '*'
    peerDependenciesMeta:
      prisma:
        optional: true
    dependencies:
      '@prisma/engines-version': 4.16.1-1.4bc8b6e1b66cb932731fb1bdbbc550d1e010de81
      prisma: 4.16.2
    dev: false

  /@prisma/engines-version@4.16.1-1.4bc8b6e1b66cb932731fb1bdbbc550d1e010de81:
    resolution: {integrity: sha512-q617EUWfRIDTriWADZ4YiWRZXCa/WuhNgLTVd+HqWLffjMSPzyM5uOWoauX91wvQClSKZU4pzI4JJLQ9Kl62Qg==}
    dev: false

  /@prisma/engines@4.16.2:
    resolution: {integrity: sha512-vx1nxVvN4QeT/cepQce68deh/Turxy5Mr+4L4zClFuK1GlxN3+ivxfuv+ej/gvidWn1cE1uAhW7ALLNlYbRUAw==}
    requiresBuild: true

  /@trpc/server@10.34.0:
    resolution: {integrity: sha512-2VMW44Fpaoyqb50dBtzdSWMhqt8lmoJiocEyBBeDb03R0W+XrzbVD5kU/wqKPlcp1DWeNCkOEIMtetMZCfo1hA==}
    dev: false

  /@types/node@18.16.16:
    resolution: {integrity: sha512-NpaM49IGQQAUlBhHMF82QH80J08os4ZmyF9MkpCzWAGuOHqE4gTEbhzd7L3l5LmWuZ6E0OiC1FweQ4tsiW35+g==}
    dev: true

  /prisma@4.16.2:
    resolution: {integrity: sha512-SYCsBvDf0/7XSJyf2cHTLjLeTLVXYfqp7pG5eEVafFLeT0u/hLFz/9W196nDRGUOo1JfPatAEb+uEnTQImQC1g==}
    engines: {node: '>=14.17'}
    hasBin: true
    requiresBuild: true
    dependencies:
      '@prisma/engines': 4.16.2

  /zod@3.0.0:
    resolution: {integrity: sha512-4DBG6siN02ooPB1yvEEqoe32maHzKEdGgtQ2HEz6FnFtgTjwZtzJ3ScuiDgtssWfDyLnQ3MvtSj6ff5ANL4STw==}
    dev: false
